
Microsoft Visual Studio Solution File, Format Version 12.00
# Visual Studio Version 17
VisualStudioVersion = 17.6.33801.468
MinimumVisualStudioVersion = 10.0.40219.1
Project("{FAE04EC0-301F-11D3-BF4B-00C04F79EFBC}") = "AspNetWebApi", "AspNetWebApi\AspNetWebApi.csproj", "{FE3DD29B-A956-4942-B4A9-C037D235176E}"
EndProject
Global
	GlobalSection(SolutionConfigurationPlatforms) = preSolution
		Debug|Any CPU = Debug|Any CPU
		Release|Any CPU = Release|Any CPU
	EndGlobalSection
	GlobalSection(ProjectConfigurationPlatforms) = postSolution
		{FE3DD29B-A956-4942-B4A9-C037D235176E}.Debug|Any CPU.ActiveCfg = Debug|Any CPU
		{FE3DD29B-A956-4942-B4A9-C037D235176E}.Debug|Any CPU.Build.0 = Debug|Any CPU
		{FE3DD29B-A956-4942-B4A9-C037D235176E}.Release|Any CPU.ActiveCfg = Release|Any CPU
		{FE3DD29B-A956-4942-B4A9-C037D235176E}.Release|Any CPU.Build.0 = Release|Any CPU
	EndGlobalSection
	GlobalSection(SolutionProperties) = preSolution
		HideSolutionNode = FALSE
	EndGlobalSection
	GlobalSection(ExtensibilityGlobals) = postSolution
		SolutionGuid = {C5E43824-DF2C-4066-9835-78FF61A7AE6C}
	EndGlobalSection
EndGlobal
